
Microsoft Visual Studio Solution File, Format Version 12.00
# Visual Studio Version 16
VisualStudioVersion = 16.0.29020.237
MinimumVisualStudioVersion = 10.0.40219.1
Project("{2150E333-8FDC-42A3-9474-1A3956D46DE8}") = "Creacionales", "Creacionales", "{A270CE40-87E4-4534-A8D0-8216CCCA2869}"
EndProject
Project("{2150E333-8FDC-42A3-9474-1A3956D46DE8}") = "Comportamiento", "Comportamiento", "{52B1F673-A599-46E0-9BD7-7E28CEC7B036}"
EndProject
Project("{9A19103F-16F7-4668-BE54-9A1E7A4F7556}") = "Singleton", "Singleton\Singleton.csproj", "{DEFDE8C6-0698-4223-93A5-2F543143E067}"
EndProject
Project("{9A19103F-16F7-4668-BE54-9A1E7A4F7556}") = "Prototype", "Prototype\Prototype.csproj", "{EAFFC563-4F01-4B7C-B0C9-076EEF5B0BC5}"
EndProject
Project("{9A19103F-16F7-4668-BE54-9A1E7A4F7556}") = "Factory", "Factory\Factory.csproj", "{A1DF4484-5BA9-4353-B1D1-379EE06B0510}"
EndProject
Project("{9A19103F-16F7-4668-BE54-9A1E7A4F7556}") = "Adapter", "Adapter\Adapter.csproj", "{04F6F633-4BB8-45C8-A2F7-05A0B491F07C}"
EndProject
Project("{9A19103F-16F7-4668-BE54-9A1E7A4F7556}") = "Decorator", "Decorator\Decorator.csproj", "{36847F9B-C87E-4552-B26D-63EB14E04A34}"
EndProject
Project("{9A19103F-16F7-4668-BE54-9A1E7A4F7556}") = "Facade", "Facade\Facade.csproj", "{9DCE131A-294A-47F8-8EBA-B68E953DFF1C}"
EndProject
Project("{2150E333-8FDC-42A3-9474-1A3956D46DE8}") = "Estructurales", "Estructurales", "{FCD40E9D-0CC3-42DF-99EA-C8B0E89829D4}"
EndProject
Project("{FAE04EC0-301F-11D3-BF4B-00C04F79EFBC}") = "Command", "Command\Command.csproj", "{09B1A872-248B-4BC2-8606-024201C43FF2}"
EndProject
Project("{FAE04EC0-301F-11D3-BF4B-00C04F79EFBC}") = "Iterator", "Iterator\Iterator.csproj", "{CF27DF4E-0FEB-44FF-9469-D1028071B419}"
EndProject
Project("{FAE04EC0-301F-11D3-BF4B-00C04F79EFBC}") = "Mediator", "Mediator\Mediator.csproj", "{1EDB96CE-A0DC-4DC5-8E01-CC91D933D837}"
EndProject
Global
	GlobalSection(SolutionConfigurationPlatforms) = preSolution
		Debug|Any CPU = Debug|Any CPU
		Release|Any CPU = Release|Any CPU
	EndGlobalSection
	GlobalSection(ProjectConfigurationPlatforms) = postSolution
		{DEFDE8C6-0698-4223-93A5-2F543143E067}.Debug|Any CPU.ActiveCfg = Debug|Any CPU
		{DEFDE8C6-0698-4223-93A5-2F543143E067}.Debug|Any CPU.Build.0 = Debug|Any CPU
		{DEFDE8C6-0698-4223-93A5-2F543143E067}.Release|Any CPU.ActiveCfg = Release|Any CPU
		{DEFDE8C6-0698-4223-93A5-2F543143E067}.Release|Any CPU.Build.0 = Release|Any CPU
		{EAFFC563-4F01-4B7C-B0C9-076EEF5B0BC5}.Debug|Any CPU.ActiveCfg = Debug|Any CPU
		{EAFFC563-4F01-4B7C-B0C9-076EEF5B0BC5}.Debug|Any CPU.Build.0 = Debug|Any CPU
		{EAFFC563-4F01-4B7C-B0C9-076EEF5B0BC5}.Release|Any CPU.ActiveCfg = Release|Any CPU
		{EAFFC563-4F01-4B7C-B0C9-076EEF5B0BC5}.Release|Any CPU.Build.0 = Release|Any CPU
		{A1DF4484-5BA9-4353-B1D1-379EE06B0510}.Debug|Any CPU.ActiveCfg = Debug|Any CPU
		{A1DF4484-5BA9-4353-B1D1-379EE06B0510}.Debug|Any CPU.Build.0 = Debug|Any CPU
		{A1DF4484-5BA9-4353-B1D1-379EE06B0510}.Release|Any CPU.ActiveCfg = Release|Any CPU
		{A1DF4484-5BA9-4353-B1D1-379EE06B0510}.Release|Any CPU.Build.0 = Release|Any CPU
		{04F6F633-4BB8-45C8-A2F7-05A0B491F07C}.Debug|Any CPU.ActiveCfg = Debug|Any CPU
		{04F6F633-4BB8-45C8-A2F7-05A0B491F07C}.Debug|Any CPU.Build.0 = Debug|Any CPU
		{04F6F633-4BB8-45C8-A2F7-05A0B491F07C}.Release|Any CPU.ActiveCfg = Release|Any CPU
		{04F6F633-4BB8-45C8-A2F7-05A0B491F07C}.Release|Any CPU.Build.0 = Release|Any CPU
		{36847F9B-C87E-4552-B26D-63EB14E04A34}.Debug|Any CPU.ActiveCfg = Debug|Any CPU
		{36847F9B-C87E-4552-B26D-63EB14E04A34}.Debug|Any CPU.Build.0 = Debug|Any CPU
		{36847F9B-C87E-4552-B26D-63EB14E04A34}.Release|Any CPU.ActiveCfg = Release|Any CPU
		{36847F9B-C87E-4552-B26D-63EB14E04A34}.Release|Any CPU.Build.0 = Release|Any CPU
		{9DCE131A-294A-47F8-8EBA-B68E953DFF1C}.Debug|Any CPU.ActiveCfg = Debug|Any CPU
		{9DCE131A-294A-47F8-8EBA-B68E953DFF1C}.Debug|Any CPU.Build.0 = Debug|Any CPU
		{9DCE131A-294A-47F8-8EBA-B68E953DFF1C}.Release|Any CPU.ActiveCfg = Release|Any CPU
		{9DCE131A-294A-47F8-8EBA-B68E953DFF1C}.Release|Any CPU.Build.0 = Release|Any CPU
		{09B1A872-248B-4BC2-8606-024201C43FF2}.Debug|Any CPU.ActiveCfg = Debug|Any CPU
		{09B1A872-248B-4BC2-8606-024201C43FF2}.Debug|Any CPU.Build.0 = Debug|Any CPU
		{09B1A872-248B-4BC2-8606-024201C43FF2}.Release|Any CPU.ActiveCfg = Release|Any CPU
		{09B1A872-248B-4BC2-8606-024201C43FF2}.Release|Any CPU.Build.0 = Release|Any CPU
		{CF27DF4E-0FEB-44FF-9469-D1028071B419}.Debug|Any CPU.ActiveCfg = Debug|Any CPU
		{CF27DF4E-0FEB-44FF-9469-D1028071B419}.Debug|Any CPU.Build.0 = Debug|Any CPU
		{CF27DF4E-0FEB-44FF-9469-D1028071B419}.Release|Any CPU.ActiveCfg = Release|Any CPU
		{CF27DF4E-0FEB-44FF-9469-D1028071B419}.Release|Any CPU.Build.0 = Release|Any CPU
		{1EDB96CE-A0DC-4DC5-8E01-CC91D933D837}.Debug|Any CPU.ActiveCfg = Debug|Any CPU
		{1EDB96CE-A0DC-4DC5-8E01-CC91D933D837}.Debug|Any CPU.Build.0 = Debug|Any CPU
		{1EDB96CE-A0DC-4DC5-8E01-CC91D933D837}.Release|Any CPU.ActiveCfg = Release|Any CPU
		{1EDB96CE-A0DC-4DC5-8E01-CC91D933D837}.Release|Any CPU.Build.0 = Release|Any CPU
	EndGlobalSection
	GlobalSection(SolutionProperties) = preSolution
		HideSolutionNode = FALSE
	EndGlobalSection
	GlobalSection(NestedProjects) = preSolution
		{DEFDE8C6-0698-4223-93A5-2F543143E067} = {A270CE40-87E4-4534-A8D0-8216CCCA2869}
		{EAFFC563-4F01-4B7C-B0C9-076EEF5B0BC5} = {A270CE40-87E4-4534-A8D0-8216CCCA2869}
		{A1DF4484-5BA9-4353-B1D1-379EE06B0510} = {A270CE40-87E4-4534-A8D0-8216CCCA2869}
		{04F6F633-4BB8-45C8-A2F7-05A0B491F07C} = {FCD40E9D-0CC3-42DF-99EA-C8B0E89829D4}
		{36847F9B-C87E-4552-B26D-63EB14E04A34} = {FCD40E9D-0CC3-42DF-99EA-C8B0E89829D4}
		{9DCE131A-294A-47F8-8EBA-B68E953DFF1C} = {FCD40E9D-0CC3-42DF-99EA-C8B0E89829D4}
		{09B1A872-248B-4BC2-8606-024201C43FF2} = {52B1F673-A599-46E0-9BD7-7E28CEC7B036}
		{CF27DF4E-0FEB-44FF-9469-D1028071B419} = {52B1F673-A599-46E0-9BD7-7E28CEC7B036}
		{1EDB96CE-A0DC-4DC5-8E01-CC91D933D837} = {52B1F673-A599-46E0-9BD7-7E28CEC7B036}
	EndGlobalSection
	GlobalSection(ExtensibilityGlobals) = postSolution
		SolutionGuid = {36B03058-04E2-4EA7-ACAB-78AE50B0C112}
	EndGlobalSection
EndGlobal
